// !$*UTF8*$!
{
	archiveVersion = 1;
	classes = {
	};
	objectVersion = 46;
	objects = {

/* Begin PBXBuildFile section */
		802AC7561F623D990009EE08 /* AppDelegate.swift in Sources */ = {isa = PBXBuildFile; fileRef = 802AC7551F623D990009EE08 /* AppDelegate.swift */; };
		802AC7581F623D990009EE08 /* ViewController.swift in Sources */ = {isa = PBXBuildFile; fileRef = 802AC7571F623D990009EE08 /* ViewController.swift */; };
		802AC75B1F623D990009EE08 /* Main.storyboard in Resources */ = {isa = PBXBuildFile; fileRef = 802AC7591F623D990009EE08 /* Main.storyboard */; };
		802AC75E1F623D990009EE08 /* SnapChatClone.xcdatamodeld in Sources */ = {isa = PBXBuildFile; fileRef = 802AC75C1F623D990009EE08 /* SnapChatClone.xcdatamodeld */; };
		802AC7601F623D990009EE08 /* Assets.xcassets in Resources */ = {isa = PBXBuildFile; fileRef = 802AC75F1F623D990009EE08 /* Assets.xcassets */; };
		802AC7631F623D990009EE08 /* LaunchScreen.storyboard in Resources */ = {isa = PBXBuildFile; fileRef = 802AC7611F623D990009EE08 /* LaunchScreen.storyboard */; };
/* End PBXBuildFile section */

/* Begin PBXFileReference section */
		802AC7521F623D990009EE08 /* SnapChatClone.app */ = {isa = PBXFileReference; explicitFileType = wrapper.application; includeInIndex = 0; path = SnapChatClone.app; sourceTree = BUILT_PRODUCTS_DIR; };
		802AC7551F623D990009EE08 /* AppDelegate.swift */ = {isa = PBXFileReference; lastKnownFileType = sourcecode.swift; path = AppDelegate.swift; sourceTree = "<group>"; };
		802AC7571F623D990009EE08 /* ViewController.swift */ = {isa = PBXFileReference; lastKnownFileType = sourcecode.swift; path = ViewController.swift; sourceTree = "<group>"; };
		802AC75A1F623D990009EE08 /* Base */ = {isa = PBXFileReference; lastKnownFileType = file.storyboard; name = Base; path = Base.lproj/Main.storyboard; sourceTree = "<group>"; };
		802AC75D1F623D990009EE08 /* SnapChatClone.xcdatamodel */ = {isa = PBXFileReference; lastKnownFileType = wrapper.xcdatamodel; path = SnapChatClone.xcdatamodel; sourceTree = "<group>"; };
		802AC75F1F623D990009EE08 /* Assets.xcassets */ = {isa = PBXFileReference; lastKnownFileType = folder.assetcatalog; path = Assets.xcassets; sourceTree = "<group>"; };
		802AC7621F623D990009EE08 /* Base */ = {isa = PBXFileReference; lastKnownFileType = file.storyboard; name = Base; path = Base.lproj/LaunchScreen.storyboard; sourceTree = "<group>"; };
		802AC7641F623D990009EE08 /* Info.plist */ = {isa = PBXFileReference; lastKnownFileType = text.plist.xml; path = Info.plist; sourceTree = "<group>"; };
/* End PBXFileReference section */

/* Begin PBXFrameworksBuildPhase section */
		802AC74F1F623D990009EE08 /* Frameworks */ = {
			isa = PBXFrameworksBuildPhase;
			buildActionMask = 2147483647;
			files = (
			);
			runOnlyForDeploymentPostprocessing = 0;
		};
/* End PBXFrameworksBuildPhase section */

/* Begin PBXGroup section */
		802AC7491F623D990009EE08 = {
			isa = PBXGroup;
			children = (
				802AC7541F623D990009EE08 /* SnapChatClone */,
				802AC7531F623D990009EE08 /* Products */,
			);
			sourceTree = "<group>";
		};
		802AC7531F623D990009EE08 /* Products */ = {
			isa = PBXGroup;
			children = (
				802AC7521F623D990009EE08 /* SnapChatClone.app */,
			);
			name = Products;
			sourceTree = "<group>";
		};
		802AC7541F623D990009EE08 /* SnapChatClone */ = {
			isa = PBXGroup;
			children = (
				802AC7551F623D990009EE08 /* AppDelegate.swift */,
				802AC7571F623D990009EE08 /* ViewController.swift */,
				802AC7591F623D990009EE08 /* Main.storyboard */,
				802AC75F1F623D990009EE08 /* Assets.xcassets */,
				802AC7611F623D990009EE08 /* LaunchScreen.storyboard */,
				802AC7641F623D990009EE08 /* Info.plist */,
				802AC75C1F623D990009EE08 /* SnapChatClone.xcdatamodeld */,
			);
			path = SnapChatClone;
			sourceTree = "<group>";
		};
/* End PBXGroup section */

/* Begin PBXNativeTarget section */
		802AC7511F623D990009EE08 /* SnapChatClone */ = {
			isa = PBXNativeTarget;
			buildConfigurationList = 802AC7671F623D990009EE08 /* Build configuration list for PBXNativeTarget "SnapChatClone" */;
			buildPhases = (
				802AC74E1F623D990009EE08 /* Sources */,
				802AC74F1F623D990009EE08 /* Frameworks */,
				802AC7501F623D990009EE08 /* Resources */,
			);
			buildRules = (
			);
			dependencies = (
			);
			name = SnapChatClone;
			productName = SnapChatClone;
			productReference = 802AC7521F623D990009EE08 /* SnapChatClone.app */;
			productType = "com.apple.product-type.application";
		};
/* End PBXNativeTarget section */

/* Begin PBXProject section */
		802AC74A1F623D990009EE08 /* Project object */ = {
			isa = PBXProject;
			attributes = {
				LastSwiftUpdateCheck = 0830;
				LastUpgradeCheck = 0830;
				ORGANIZATIONNAME = Arif;
				TargetAttributes = {
					802AC7511F623D990009EE08 = {
						CreatedOnToolsVersion = 8.3.3;
						DevelopmentTeam = 223SL93A3K;
						ProvisioningStyle = Automatic;
					};
				};
			};
			buildConfigurationList = 802AC74D1F623D990009EE08 /* Build configuration list for PBXProject "SnapChatClone" */;
			compatibilityVersion = "Xcode 3.2";
			developmentRegion = English;
			hasScannedForEncodings = 0;
			knownRegions = (
				en,
				Base,
			);
			mainGroup = 802AC7491F623D990009EE08;
			productRefGroup = 802AC7531F623D990009EE08 /* Products */;
			projectDirPath = "";
			projectRoot = "";
			targets = (
				802AC7511F623D990009EE08 /* SnapChatClone */,
			);
		};
/* End PBXProject section */

/* Begin PBXResourcesBuildPhase section */
		802AC7501F623D990009EE08 /* Resources */ = {
			isa = PBXResourcesBuildPhase;
			buildActionMask = 2147483647;
			files = (
				802AC7631F623D990009EE08 /* LaunchScreen.storyboard in Resources */,
				802AC7601F623D990009EE08 /* Assets.xcassets in Resources */,
				802AC75B1F623D990009EE08 /* Main.storyboard in Resources */,
			);
			runOnlyForDeploymentPostprocessing = 0;
		};
/* End PBXResourcesBuildPhase section */

/* Begin PBXSourcesBuildPhase section */
		802AC74E1F623D990009EE08 /* Sources */ = {
			isa = PBXSourcesBuildPhase;
			buildActionMask = 2147483647;
			files = (
				802AC75E1F623D990009EE08 /* SnapChatClone.xcdatamodeld in Sources */,
				802AC7581F623D990009EE08 /* ViewController.swift in Sources */,
				802AC7561F623D990009EE08 /* AppDelegate.swift in Sources */,
			);
			runOnlyForDeploymentPostprocessing = 0;
		};
/* End PBXSourcesBuildPhase section */

/* Begin PBXVariantGroup section */
		802AC7591F623D990009EE08 /* Main.storyboard */ = {
			isa = PBXVariantGroup;
			children = (
				802AC75A1F623D990009EE08 /* Base */,
			);
			name = Main.storyboard;
			sourceTree = "<group>";
		};
		802AC7611F623D990009EE08 /* LaunchScreen.storyboard */ = {
			isa = PBXVariantGroup;
			children = (
				802AC7621F623D990009EE08 /* Base */,
			);
			name = LaunchScreen.storyboard;
			sourceTree = "<group>";
		};
/* End PBXVariantGroup section */

/* Begin XCBuildConfiguration section */
		802AC7651F623D990009EE08 /* Debug */ = {
			isa = XCBuildConfiguration;
			buildSettings = {
				ALWAYS_SEARCH_USER_PATHS = NO;
				CLANG_ANALYZER_NONNULL = YES;
				CLANG_ANALYZER_NUMBER_OBJECT_CONVERSION = YES_AGGRESSIVE;
				CLANG_CXX_LANGUAGE_STANDARD = "gnu++0x";
				CLANG_CXX_LIBRARY = "libc++";
				CLANG_ENABLE_MODULES = YES;
				CLANG_ENABLE_OBJC_ARC = YES;
				CLANG_WARN_BOOL_CONVERSION = YES;
				CLANG_WARN_CONSTANT_CONVERSION = YES;
				CLANG_WARN_DIRECT_OBJC_ISA_USAGE = YES_ERROR;
				CLANG_WARN_DOCUMENTATION_COMMENTS = YES;
				CLANG_WARN_EMPTY_BODY = YES;
				CLANG_WARN_ENUM_CONVERSION = YES;
				CLANG_WARN_INFINITE_RECURSION = YES;
				CLANG_WARN_INT_CONVERSION = YES;
				CLANG_WARN_OBJC_ROOT_CLASS = YES_ERROR;
				CLANG_WARN_SUSPICIOUS_MOVE = YES;
				CLANG_WARN_UNREACHABLE_CODE = YES;
				CLANG_WARN__DUPLICATE_METHOD_MATCH = YES;
				"CODE_SIGN_IDENTITY[sdk=iphoneos*]" = "iPhone Developer";
				COPY_PHASE_STRIP = NO;
				DEBUG_INFORMATION_FORMAT = dwarf;
				ENABLE_STRICT_OBJC_MSGSEND = YES;
				ENABLE_TESTABILITY = YES;
				GCC_C_LANGUAGE_STANDARD = gnu99;
				GCC_DYNAMIC_NO_PIC = NO;
				GCC_NO_COMMON_BLOCKS = YES;
				GCC_OPTIMIZATION_LEVEL = 0;
				GCC_PREPROCESSOR_DEFINITIONS = (
					"DEBUG=1",
					"$(inherited)",
				);
				GCC_WARN_64_TO_32_BIT_CONVERSION = YES;
				GCC_WARN_ABOUT_RETURN_TYPE = YES_ERROR;
				GCC_WARN_UNDECLARED_SELECTOR = YES;
				GCC_WARN_UNINITIALIZED_AUTOS = YES_AGGRESSIVE;
				GCC_WARN_UNUSED_FUNCTION = YES;
				GCC_WARN_UNUSED_VARIABLE = YES;
				IPHONEOS_DEPLOYMENT_TARGET = 10.3;
				MTL_ENABLE_DEBUG_INFO = YES;
				ONLY_ACTIVE_ARCH = YES;
				SDKROOT = iphoneos;
				SWIFT_ACTIVE_COMPILATION_CONDITIONS = DEBUG;
				SWIFT_OPTIMIZATION_LEVEL = "-Onone";
				TARGETED_DEVICE_FAMILY = "1,2";
			};
			name = Debug;
		};
		802AC7661F623D990009EE08 /* Release */ = {
			isa = XCBuildConfiguration;
			buildSettings = {
				ALWAYS_SEARCH_USER_PATHS = NO;
				CLANG_ANALYZER_NONNULL = YES;
				CLANG_ANALYZER_NUMBER_OBJECT_CONVERSION = YES_AGGRESSIVE;
				CLANG_CXX_LANGUAGE_STANDARD = "gnu++0x";
				CLANG_CXX_LIBRARY = "libc++";
				CLANG_ENABLE_MODULES = YES;
				CLANG_ENABLE_OBJC_ARC = YES;
				CLANG_WARN_BOOL_CONVERSION = YES;
				CLANG_WARN_CONSTANT_CONVERSION = YES;
				CLANG_WARN_DIRECT_OBJC_ISA_USAGE = YES_ERROR;
				CLANG_WARN_DOCUMENTATION_COMMENTS = YES;
				CLANG_WARN_EMPTY_BODY = YES;
				CLANG_WARN_ENUM_CONVERSION = YES;
				CLANG_WARN_INFINITE_RECURSION = YES;
				CLANG_WARN_INT_CONVERSION = YES;
				CLANG_WARN_OBJC_ROOT_CLASS = YES_ERROR;
				CLANG_WARN_SUSPICIOUS_MOVE = YES;
				CLANG_WARN_UNREACHABLE_CODE = YES;
				CLANG_WARN__DUPLICATE_METHOD_MATCH = YES;
				"CODE_SIGN_IDENTITY[sdk=iphoneos*]" = "iPhone Developer";
				COPY_PHASE_STRIP = NO;
				DEBUG_INFORMATION_FORMAT = "dwarf-with-dsym";
				ENABLE_NS_ASSERTIONS = NO;
				ENABLE_STRICT_OBJC_MSGSEND = YES;
				GCC_C_LANGUAGE_STANDARD = gnu99;
				GCC_NO_COMMON_BLOCKS = YES;
				GCC_WARN_64_TO_32_BIT_CONVERSION = YES;
				GCC_WARN_ABOUT_RETURN_TYPE = YES_ERROR;
				GCC_WARN_UNDECLARED_SELECTOR = YES;
				GCC_WARN_UNINITIALIZED_AUTOS = YES_AGGRESSIVE;
				GCC_WARN_UNUSED_FUNCTION = YES;
				GCC_WARN_UNUSED_VARIABLE = YES;
				IPHONEOS_DEPLOYMENT_TARGET = 10.3;
				MTL_ENABLE_DEBUG_INFO = NO;
				SDKROOT = iphoneos;
				SWIFT_OPTIMIZATION_LEVEL = "-Owholemodule";
				TARGETED_DEVICE_FAMILY = "1,2";
				VALIDATE_PRODUCT = YES;
			};
			name = Release;
		};
		802AC7681F623D990009EE08 /* Debug */ = {
			isa = XCBuildConfiguration;
			buildSettings = {
				ASSETCATALOG_COMPILER_APPICON_NAME = AppIcon;
				DEVELOPMENT_TEAM = 223SL93A3K;
				INFOPLIST_FILE = SnapChatClone/Info.plist;
				LD_RUNPATH_SEARCH_PATHS = "$(inherited) @executable_path/Frameworks";
				PRODUCT_BUNDLE_IDENTIFIER = unclehub.com.SnapChatClone;
				PRODUCT_NAME = "$(TARGET_NAME)";
				SWIFT_VERSION = 3.0;
			};
			name = Debug;
		};
		802AC7691F623D990009EE08 /* Release */ = {
			isa = XCBuildConfiguration;
			buildSettings = {
				ASSETCATALOG_COMPILER_APPICON_NAME = AppIcon;
				DEVELOPMENT_TEAM = 223SL93A3K;
				INFOPLIST_FILE = SnapChatClone/Info.plist;
				LD_RUNPATH_SEARCH_PATHS = "$(inherited) @executable_path/Frameworks";
				PRODUCT_BUNDLE_IDENTIFIER = unclehub.com.SnapChatClone;
				PRODUCT_NAME = "$(TARGET_NAME)";
				SWIFT_VERSION = 3.0;
			};
			name = Release;
		};
/* End XCBuildConfiguration section */

/* Begin XCConfigurationList section */
		802AC74D1F623D990009EE08 /* Build configuration list for PBXProject "SnapChatClone" */ = {
			isa = XCConfigurationList;
			buildConfigurations = (
				802AC7651F623D990009EE08 /* Debug */,
				802AC7661F623D990009EE08 /* Release */,
			);
			defaultConfigurationIsVisible = 0;
			defaultConfigurationName = Release;
		};
		802AC7671F623D990009EE08 /* Build configuration list for PBXNativeTarget "SnapChatClone" */ = {
			isa = XCConfigurationList;
			buildConfigurations = (
				802AC7681F623D990009EE08 /* Debug */,
				802AC7691F623D990009EE08 /* Release */,
			);
			defaultConfigurationIsVisible = 0;
		};
/* End XCConfigurationList section */

/* Begin XCVersionGroup section */
		802AC75C1F623D990009EE08 /* SnapChatClone.xcdatamodeld */ = {
			isa = XCVersionGroup;
			children = (
				802AC75D1F623D990009EE08 /* SnapChatClone.xcdatamodel */,
			);
			currentVersion = 802AC75D1F623D990009EE08 /* SnapChatClone.xcdatamodel */;
			path = SnapChatClone.xcdatamodeld;
			sourceTree = "<group>";
			versionGroupType = wrapper.xcdatamodel;
		};
/* End XCVersionGroup section */
	};
	rootObject = 802AC74A1F623D990009EE08 /* Project object */;
}
